
Microsoft Visual Studio Solution File, Format Version 12.00
# Visual Studio Version 17
VisualStudioVersion = 17.10.35122.118
MinimumVisualStudioVersion = 10.0.40219.1
Project("{2150E333-8FDC-42A3-9474-1A3956D46DE8}") = "01-VariablesOperatorsTypeConversions", "01-VariablesOperatorsTypeConversions", "{FDAC9671-BEE5-4BAF-BF78-45DBA27F7CCD}"
EndProject
Project("{2150E333-8FDC-42A3-9474-1A3956D46DE8}") = "02-DecisionStructures&Loops", "02-DecisionStructures&Loops", "{6C77FCD4-DBE3-406C-BB7B-437B1D4E6D06}"
EndProject
Project("{9A19103F-16F7-4668-BE54-9A1E7A4F7556}") = "02-BasitHesapMakinesi", "02-DecisionStructures&Loops\02-BasitHesapMakinesi\02-BasitHesapMakinesi.csproj", "{53FEFF59-AF2E-4FBA-BD2C-5203DCADA8C6}"
EndProject
Project("{9A19103F-16F7-4668-BE54-9A1E7A4F7556}") = "03-SayıTahminOyunu", "02-DecisionStructures&Loops\03-SayıTahminOyunu\03-SayıTahminOyunu.csproj", "{77B59743-4333-4730-A38A-F3446598840A}"
EndProject
Project("{9A19103F-16F7-4668-BE54-9A1E7A4F7556}") = "04-TekÇiftSayıKontrolü", "02-DecisionStructures&Loops\04-TekÇiftSayıKontrolü\04-TekÇiftSayıKontrolü.csproj", "{7147EDB6-6EC8-4B92-AC96-F2A529FC33D6}"
EndProject
Project("{9A19103F-16F7-4668-BE54-9A1E7A4F7556}") = "05-NotHesaplama", "02-DecisionStructures&Loops\05-NotHesaplama\05-NotHesaplama.csproj", "{B62D95FC-B82C-4A41-AFAA-27E58BDBB7C0}"
EndProject
Project("{9A19103F-16F7-4668-BE54-9A1E7A4F7556}") = "06-ÇarpımTablosu", "02-DecisionStructures&Loops\06-ÇarpımTablosu\06-ÇarpımTablosu.csproj", "{BE3B6531-3078-4477-8C7F-28047D2C1827}"
EndProject
Project("{9A19103F-16F7-4668-BE54-9A1E7A4F7556}") = "07-BasitMenüSistemi", "02-DecisionStructures&Loops\07-BasitMenüSistemi\07-BasitMenüSistemi.csproj", "{B0210FC7-F943-492E-9E84-1458528634B9}"
EndProject
Project("{9A19103F-16F7-4668-BE54-9A1E7A4F7556}") = "08-1'den100'eKadarSayılar", "02-DecisionStructures&Loops\08-1'den100'eKadarSayılar\08-1'den100'eKadarSayılar.csproj", "{D9C0932D-72FB-40C4-9A2F-283161200A94}"
EndProject
Project("{9A19103F-16F7-4668-BE54-9A1E7A4F7556}") = "01-DeğişkenlerOperatörlerTipDönüşümleri", "01-VariablesOperatorsTypeConversions\01-DeğişkenlerOperatörlerTipDönüşümleri\01-DeğişkenlerOperatörlerTipDönüşümleri.csproj", "{E91469E8-91EC-4EF4-9526-F8983CA27095}"
EndProject
Project("{9A19103F-16F7-4668-BE54-9A1E7A4F7556}") = "09-FaktöriyelHesaplama", "02-DecisionStructures&Loops\09-FaktöriyelHesaplama\09-FaktöriyelHesaplama.csproj", "{4C14EFE2-C5B7-4246-B8BD-5E43F477E5C9}"
EndProject
Project("{9A19103F-16F7-4668-BE54-9A1E7A4F7556}") = "10-PozitifNegatifSıfırDurumu", "02-DecisionStructures&Loops\10-PozitifNegatifSıfırDurumu\10-PozitifNegatifSıfırDurumu.csproj", "{691D78EB-4732-47D2-A4A7-E2A142D047CB}"
EndProject
Project("{9A19103F-16F7-4668-BE54-9A1E7A4F7556}") = "11-TamBölenleriBulma", "02-DecisionStructures&Loops\11-TamBölenleriBulma\11-TamBölenleriBulma.csproj", "{EF64889F-5E2F-481D-80D2-A80658BC8CEE}"
EndProject
Project("{9A19103F-16F7-4668-BE54-9A1E7A4F7556}") = "12-BasitŞifreDoğrulama", "02-DecisionStructures&Loops\12-BasitŞifreDoğrulama\12-BasitŞifreDoğrulama.csproj", "{964DA3AA-5066-45B7-A073-A450CF42F4F2}"
EndProject
Project("{9A19103F-16F7-4668-BE54-9A1E7A4F7556}") = "13-BüyükKüçükSayıyıBulma", "02-DecisionStructures&Loops\13-BüyükKüçükSayıyıBulma\13-BüyükKüçükSayıyıBulma.csproj", "{3217081D-9206-461F-8101-5172FA0C40EF}"
EndProject
Project("{9A19103F-16F7-4668-BE54-9A1E7A4F7556}") = "14-AsalSayıKontrolü", "02-DecisionStructures&Loops\14-AsalSayıKontrolü\14-AsalSayıKontrolü.csproj", "{6CC23BA6-3045-4F01-802D-8D001B38EBA1}"
EndProject
Project("{9A19103F-16F7-4668-BE54-9A1E7A4F7556}") = "15-BasitATMSimülasyonu", "02-DecisionStructures&Loops\15-BasitATMSimülasyonu\15-BasitATMSimülasyonu.csproj", "{3EFDC0CF-C13D-450C-9642-2EEB5075B001}"
EndProject
Project("{2150E333-8FDC-42A3-9474-1A3956D46DE8}") = "03-C#Introduction", "03-C#Introduction", "{46AC46FD-41E8-40B2-B886-C06DCCD31485}"
EndProject
Project("{9A19103F-16F7-4668-BE54-9A1E7A4F7556}") = "16-C#IntroductionBitirmeProjesi", "03-C#Introduction\16-C#IntroductionBitirmeProjesi\16-C#IntroductionBitirmeProjesi.csproj", "{A6EAF939-FE16-4E63-AA77-183D8BF18F58}"
EndProject
Project("{9A19103F-16F7-4668-BE54-9A1E7A4F7556}") = "17-C# StudyCaseStudentManagementSystem", "03-C#Introduction\17-C# StudyCaseStudentManagementSystem\17-C# StudyCaseStudentManagementSystem.csproj", "{D2A9BD77-9C2E-4F1C-A3E6-29D7CCB98F8A}"
EndProject
Project("{2150E333-8FDC-42A3-9474-1A3956D46DE8}") = "04-Classes", "04-Classes", "{C38DEE9C-2A23-4C5A-970D-4327198D7245}"
EndProject
Project("{FAE04EC0-301F-11D3-BF4B-00C04F79EFBC}") = "18-Classes(Study)", "04-Class\18-Classes(Study)\18-Classes(Study).csproj", "{6176A723-658B-4DB7-8D46-1C654EA42A9D}"
EndProject
Global
	GlobalSection(SolutionConfigurationPlatforms) = preSolution
		Debug|Any CPU = Debug|Any CPU
		Release|Any CPU = Release|Any CPU
	EndGlobalSection
	GlobalSection(ProjectConfigurationPlatforms) = postSolution
		{53FEFF59-AF2E-4FBA-BD2C-5203DCADA8C6}.Debug|Any CPU.ActiveCfg = Debug|Any CPU
		{53FEFF59-AF2E-4FBA-BD2C-5203DCADA8C6}.Debug|Any CPU.Build.0 = Debug|Any CPU
		{53FEFF59-AF2E-4FBA-BD2C-5203DCADA8C6}.Release|Any CPU.ActiveCfg = Release|Any CPU
		{53FEFF59-AF2E-4FBA-BD2C-5203DCADA8C6}.Release|Any CPU.Build.0 = Release|Any CPU
		{77B59743-4333-4730-A38A-F3446598840A}.Debug|Any CPU.ActiveCfg = Debug|Any CPU
		{77B59743-4333-4730-A38A-F3446598840A}.Debug|Any CPU.Build.0 = Debug|Any CPU
		{77B59743-4333-4730-A38A-F3446598840A}.Release|Any CPU.ActiveCfg = Release|Any CPU
		{77B59743-4333-4730-A38A-F3446598840A}.Release|Any CPU.Build.0 = Release|Any CPU
		{7147EDB6-6EC8-4B92-AC96-F2A529FC33D6}.Debug|Any CPU.ActiveCfg = Debug|Any CPU
		{7147EDB6-6EC8-4B92-AC96-F2A529FC33D6}.Debug|Any CPU.Build.0 = Debug|Any CPU
		{7147EDB6-6EC8-4B92-AC96-F2A529FC33D6}.Release|Any CPU.ActiveCfg = Release|Any CPU
		{7147EDB6-6EC8-4B92-AC96-F2A529FC33D6}.Release|Any CPU.Build.0 = Release|Any CPU
		{B62D95FC-B82C-4A41-AFAA-27E58BDBB7C0}.Debug|Any CPU.ActiveCfg = Debug|Any CPU
		{B62D95FC-B82C-4A41-AFAA-27E58BDBB7C0}.Debug|Any CPU.Build.0 = Debug|Any CPU
		{B62D95FC-B82C-4A41-AFAA-27E58BDBB7C0}.Release|Any CPU.ActiveCfg = Release|Any CPU
		{B62D95FC-B82C-4A41-AFAA-27E58BDBB7C0}.Release|Any CPU.Build.0 = Release|Any CPU
		{BE3B6531-3078-4477-8C7F-28047D2C1827}.Debug|Any CPU.ActiveCfg = Debug|Any CPU
		{BE3B6531-3078-4477-8C7F-28047D2C1827}.Debug|Any CPU.Build.0 = Debug|Any CPU
		{BE3B6531-3078-4477-8C7F-28047D2C1827}.Release|Any CPU.ActiveCfg = Release|Any CPU
		{BE3B6531-3078-4477-8C7F-28047D2C1827}.Release|Any CPU.Build.0 = Release|Any CPU
		{B0210FC7-F943-492E-9E84-1458528634B9}.Debug|Any CPU.ActiveCfg = Debug|Any CPU
		{B0210FC7-F943-492E-9E84-1458528634B9}.Debug|Any CPU.Build.0 = Debug|Any CPU
		{B0210FC7-F943-492E-9E84-1458528634B9}.Release|Any CPU.ActiveCfg = Release|Any CPU
		{B0210FC7-F943-492E-9E84-1458528634B9}.Release|Any CPU.Build.0 = Release|Any CPU
		{D9C0932D-72FB-40C4-9A2F-283161200A94}.Debug|Any CPU.ActiveCfg = Debug|Any CPU
		{D9C0932D-72FB-40C4-9A2F-283161200A94}.Debug|Any CPU.Build.0 = Debug|Any CPU
		{D9C0932D-72FB-40C4-9A2F-283161200A94}.Release|Any CPU.ActiveCfg = Release|Any CPU
		{D9C0932D-72FB-40C4-9A2F-283161200A94}.Release|Any CPU.Build.0 = Release|Any CPU
		{E91469E8-91EC-4EF4-9526-F8983CA27095}.Debug|Any CPU.ActiveCfg = Debug|Any CPU
		{E91469E8-91EC-4EF4-9526-F8983CA27095}.Debug|Any CPU.Build.0 = Debug|Any CPU
		{E91469E8-91EC-4EF4-9526-F8983CA27095}.Release|Any CPU.ActiveCfg = Release|Any CPU
		{E91469E8-91EC-4EF4-9526-F8983CA27095}.Release|Any CPU.Build.0 = Release|Any CPU
		{4C14EFE2-C5B7-4246-B8BD-5E43F477E5C9}.Debug|Any CPU.ActiveCfg = Debug|Any CPU
		{4C14EFE2-C5B7-4246-B8BD-5E43F477E5C9}.Debug|Any CPU.Build.0 = Debug|Any CPU
		{4C14EFE2-C5B7-4246-B8BD-5E43F477E5C9}.Release|Any CPU.ActiveCfg = Release|Any CPU
		{4C14EFE2-C5B7-4246-B8BD-5E43F477E5C9}.Release|Any CPU.Build.0 = Release|Any CPU
		{691D78EB-4732-47D2-A4A7-E2A142D047CB}.Debug|Any CPU.ActiveCfg = Debug|Any CPU
		{691D78EB-4732-47D2-A4A7-E2A142D047CB}.Debug|Any CPU.Build.0 = Debug|Any CPU
		{691D78EB-4732-47D2-A4A7-E2A142D047CB}.Release|Any CPU.ActiveCfg = Release|Any CPU
		{691D78EB-4732-47D2-A4A7-E2A142D047CB}.Release|Any CPU.Build.0 = Release|Any CPU
		{EF64889F-5E2F-481D-80D2-A80658BC8CEE}.Debug|Any CPU.ActiveCfg = Debug|Any CPU
		{EF64889F-5E2F-481D-80D2-A80658BC8CEE}.Debug|Any CPU.Build.0 = Debug|Any CPU
		{EF64889F-5E2F-481D-80D2-A80658BC8CEE}.Release|Any CPU.ActiveCfg = Release|Any CPU
		{EF64889F-5E2F-481D-80D2-A80658BC8CEE}.Release|Any CPU.Build.0 = Release|Any CPU
		{964DA3AA-5066-45B7-A073-A450CF42F4F2}.Debug|Any CPU.ActiveCfg = Debug|Any CPU
		{964DA3AA-5066-45B7-A073-A450CF42F4F2}.Debug|Any CPU.Build.0 = Debug|Any CPU
		{964DA3AA-5066-45B7-A073-A450CF42F4F2}.Release|Any CPU.ActiveCfg = Release|Any CPU
		{964DA3AA-5066-45B7-A073-A450CF42F4F2}.Release|Any CPU.Build.0 = Release|Any CPU
		{3217081D-9206-461F-8101-5172FA0C40EF}.Debug|Any CPU.ActiveCfg = Debug|Any CPU
		{3217081D-9206-461F-8101-5172FA0C40EF}.Debug|Any CPU.Build.0 = Debug|Any CPU
		{3217081D-9206-461F-8101-5172FA0C40EF}.Release|Any CPU.ActiveCfg = Release|Any CPU
		{3217081D-9206-461F-8101-5172FA0C40EF}.Release|Any CPU.Build.0 = Release|Any CPU
		{6CC23BA6-3045-4F01-802D-8D001B38EBA1}.Debug|Any CPU.ActiveCfg = Debug|Any CPU
		{6CC23BA6-3045-4F01-802D-8D001B38EBA1}.Debug|Any CPU.Build.0 = Debug|Any CPU
		{6CC23BA6-3045-4F01-802D-8D001B38EBA1}.Release|Any CPU.ActiveCfg = Release|Any CPU
		{6CC23BA6-3045-4F01-802D-8D001B38EBA1}.Release|Any CPU.Build.0 = Release|Any CPU
		{3EFDC0CF-C13D-450C-9642-2EEB5075B001}.Debug|Any CPU.ActiveCfg = Debug|Any CPU
		{3EFDC0CF-C13D-450C-9642-2EEB5075B001}.Debug|Any CPU.Build.0 = Debug|Any CPU
		{3EFDC0CF-C13D-450C-9642-2EEB5075B001}.Release|Any CPU.ActiveCfg = Release|Any CPU
		{3EFDC0CF-C13D-450C-9642-2EEB5075B001}.Release|Any CPU.Build.0 = Release|Any CPU
		{A6EAF939-FE16-4E63-AA77-183D8BF18F58}.Debug|Any CPU.ActiveCfg = Debug|Any CPU
		{A6EAF939-FE16-4E63-AA77-183D8BF18F58}.Debug|Any CPU.Build.0 = Debug|Any CPU
		{A6EAF939-FE16-4E63-AA77-183D8BF18F58}.Release|Any CPU.ActiveCfg = Release|Any CPU
		{A6EAF939-FE16-4E63-AA77-183D8BF18F58}.Release|Any CPU.Build.0 = Release|Any CPU
		{D2A9BD77-9C2E-4F1C-A3E6-29D7CCB98F8A}.Debug|Any CPU.ActiveCfg = Debug|Any CPU
		{D2A9BD77-9C2E-4F1C-A3E6-29D7CCB98F8A}.Debug|Any CPU.Build.0 = Debug|Any CPU
		{D2A9BD77-9C2E-4F1C-A3E6-29D7CCB98F8A}.Release|Any CPU.ActiveCfg = Release|Any CPU
		{D2A9BD77-9C2E-4F1C-A3E6-29D7CCB98F8A}.Release|Any CPU.Build.0 = Release|Any CPU
		{6176A723-658B-4DB7-8D46-1C654EA42A9D}.Debug|Any CPU.ActiveCfg = Debug|Any CPU
		{6176A723-658B-4DB7-8D46-1C654EA42A9D}.Debug|Any CPU.Build.0 = Debug|Any CPU
		{6176A723-658B-4DB7-8D46-1C654EA42A9D}.Release|Any CPU.ActiveCfg = Release|Any CPU
		{6176A723-658B-4DB7-8D46-1C654EA42A9D}.Release|Any CPU.Build.0 = Release|Any CPU
	EndGlobalSection
	GlobalSection(SolutionProperties) = preSolution
		HideSolutionNode = FALSE
	EndGlobalSection
	GlobalSection(NestedProjects) = preSolution
		{53FEFF59-AF2E-4FBA-BD2C-5203DCADA8C6} = {6C77FCD4-DBE3-406C-BB7B-437B1D4E6D06}
		{77B59743-4333-4730-A38A-F3446598840A} = {6C77FCD4-DBE3-406C-BB7B-437B1D4E6D06}
		{7147EDB6-6EC8-4B92-AC96-F2A529FC33D6} = {6C77FCD4-DBE3-406C-BB7B-437B1D4E6D06}
		{B62D95FC-B82C-4A41-AFAA-27E58BDBB7C0} = {6C77FCD4-DBE3-406C-BB7B-437B1D4E6D06}
		{BE3B6531-3078-4477-8C7F-28047D2C1827} = {6C77FCD4-DBE3-406C-BB7B-437B1D4E6D06}
		{B0210FC7-F943-492E-9E84-1458528634B9} = {6C77FCD4-DBE3-406C-BB7B-437B1D4E6D06}
		{D9C0932D-72FB-40C4-9A2F-283161200A94} = {6C77FCD4-DBE3-406C-BB7B-437B1D4E6D06}
		{E91469E8-91EC-4EF4-9526-F8983CA27095} = {FDAC9671-BEE5-4BAF-BF78-45DBA27F7CCD}
		{4C14EFE2-C5B7-4246-B8BD-5E43F477E5C9} = {6C77FCD4-DBE3-406C-BB7B-437B1D4E6D06}
		{691D78EB-4732-47D2-A4A7-E2A142D047CB} = {6C77FCD4-DBE3-406C-BB7B-437B1D4E6D06}
		{EF64889F-5E2F-481D-80D2-A80658BC8CEE} = {6C77FCD4-DBE3-406C-BB7B-437B1D4E6D06}
		{964DA3AA-5066-45B7-A073-A450CF42F4F2} = {6C77FCD4-DBE3-406C-BB7B-437B1D4E6D06}
		{3217081D-9206-461F-8101-5172FA0C40EF} = {6C77FCD4-DBE3-406C-BB7B-437B1D4E6D06}
		{6CC23BA6-3045-4F01-802D-8D001B38EBA1} = {6C77FCD4-DBE3-406C-BB7B-437B1D4E6D06}
		{3EFDC0CF-C13D-450C-9642-2EEB5075B001} = {6C77FCD4-DBE3-406C-BB7B-437B1D4E6D06}
		{A6EAF939-FE16-4E63-AA77-183D8BF18F58} = {46AC46FD-41E8-40B2-B886-C06DCCD31485}
		{D2A9BD77-9C2E-4F1C-A3E6-29D7CCB98F8A} = {46AC46FD-41E8-40B2-B886-C06DCCD31485}
		{6176A723-658B-4DB7-8D46-1C654EA42A9D} = {C38DEE9C-2A23-4C5A-970D-4327198D7245}
	EndGlobalSection
	GlobalSection(ExtensibilityGlobals) = postSolution
		SolutionGuid = {122CD4B8-A771-4F02-B468-701C37C8C059}
	EndGlobalSection
EndGlobal
